// !$*UTF8*$!
{
	archiveVersion = 1;
	classes = {
	};
	objectVersion = 55;
	objects = {

/* Begin PBXBuildFile section */
		C72475B1288117FC0023EE0B /* EmailHelper.swift in Sources */ = {isa = PBXBuildFile; fileRef = C72475B0288117FC0023EE0B /* EmailHelper.swift */; };
		C72D6E04287D46210090D794 /* FotoEnhanceApp.swift in Sources */ = {isa = PBXBuildFile; fileRef = C72D6E03287D46210090D794 /* FotoEnhanceApp.swift */; };
		C72D6E06287D46210090D794 /* ContentView.swift in Sources */ = {isa = PBXBuildFile; fileRef = C72D6E05287D46210090D794 /* ContentView.swift */; };
		C72D6E08287D46260090D794 /* Assets.xcassets in Resources */ = {isa = PBXBuildFile; fileRef = C72D6E07287D46260090D794 /* Assets.xcassets */; };
		C72D6E0B287D46260090D794 /* Preview Assets.xcassets in Resources */ = {isa = PBXBuildFile; fileRef = C72D6E0A287D46260090D794 /* Preview Assets.xcassets */; };
		C72D6E13287D466E0090D794 /* SwiftUIX in Frameworks */ = {isa = PBXBuildFile; productRef = C72D6E12287D466D0090D794 /* SwiftUIX */; };
		C72D6E15287D46950090D794 /* SubscriptionView.swift in Sources */ = {isa = PBXBuildFile; fileRef = C72D6E14287D46950090D794 /* SubscriptionView.swift */; };
		C72D6E18287D46B80090D794 /* Extensions.swift in Sources */ = {isa = PBXBuildFile; fileRef = C72D6E17287D46B80090D794 /* Extensions.swift */; };
		C72D6E1A287D46CF0090D794 /* ImagePicker.swift in Sources */ = {isa = PBXBuildFile; fileRef = C72D6E19287D46CF0090D794 /* ImagePicker.swift */; };
		C72D6E1C287D46DF0090D794 /* ImageSaver.swift in Sources */ = {isa = PBXBuildFile; fileRef = C72D6E1B287D46DF0090D794 /* ImageSaver.swift */; };
		C72D6E1E287D46EF0090D794 /* Toucan.swift in Sources */ = {isa = PBXBuildFile; fileRef = C72D6E1D287D46EF0090D794 /* Toucan.swift */; };
		C78A72222885220100E95B64 /* Sliders in Frameworks */ = {isa = PBXBuildFile; productRef = C78A72212885220100E95B64 /* Sliders */; };
		C7A57AD92886D59600C141AD /* Blend1024.mlmodel in Sources */ = {isa = PBXBuildFile; fileRef = C7A57AD72886D59600C141AD /* Blend1024.mlmodel */; };
		C7A57ADA2886D59600C141AD /* Blend2048.mlmodel in Sources */ = {isa = PBXBuildFile; fileRef = C7A57AD82886D59600C141AD /* Blend2048.mlmodel */; };
		C7A57ADC2886D9BF00C141AD /* Blend512.mlmodel in Sources */ = {isa = PBXBuildFile; fileRef = C7A57ADB2886D9BF00C141AD /* Blend512.mlmodel */; };
		C7A8A77D2884461500206CF8 /* RealESRGAN_8Bit.mlmodel in Sources */ = {isa = PBXBuildFile; fileRef = C7A8A77C2884461500206CF8 /* RealESRGAN_8Bit.mlmodel */; };
		C7BBAD7B288567F9006DEEB0 /* FeedbackRequestView.swift in Sources */ = {isa = PBXBuildFile; fileRef = C7BBAD7A288567F9006DEEB0 /* FeedbackRequestView.swift */; };
		C7DEDF45288504A300F77CB5 /* EnhancementProgressView.swift in Sources */ = {isa = PBXBuildFile; fileRef = C7DEDF44288504A300F77CB5 /* EnhancementProgressView.swift */; };
		C7E822692884564600F85D10 /* PermissionsSwiftUIPhoto in Frameworks */ = {isa = PBXBuildFile; productRef = C7E822682884564600F85D10 /* PermissionsSwiftUIPhoto */; };
/* End PBXBuildFile section */

/* Begin PBXFileReference section */
		C72475B0288117FC0023EE0B /* EmailHelper.swift */ = {isa = PBXFileReference; lastKnownFileType = sourcecode.swift; path = EmailHelper.swift; sourceTree = "<group>"; };
		C72D6E00287D46210090D794 /* FotoEnhance.app */ = {isa = PBXFileReference; explicitFileType = wrapper.application; includeInIndex = 0; path = FotoEnhance.app; sourceTree = BUILT_PRODUCTS_DIR; };
		C72D6E03287D46210090D794 /* FotoEnhanceApp.swift */ = {isa = PBXFileReference; lastKnownFileType = sourcecode.swift; path = FotoEnhanceApp.swift; sourceTree = "<group>"; };
		C72D6E05287D46210090D794 /* ContentView.swift */ = {isa = PBXFileReference; lastKnownFileType = sourcecode.swift; path = ContentView.swift; sourceTree = "<group>"; };
		C72D6E07287D46260090D794 /* Assets.xcassets */ = {isa = PBXFileReference; lastKnownFileType = folder.assetcatalog; path = Assets.xcassets; sourceTree = "<group>"; };
		C72D6E0A287D46260090D794 /* Preview Assets.xcassets */ = {isa = PBXFileReference; lastKnownFileType = folder.assetcatalog; path = "Preview Assets.xcassets"; sourceTree = "<group>"; };
		C72D6E14287D46950090D794 /* SubscriptionView.swift */ = {isa = PBXFileReference; lastKnownFileType = sourcecode.swift; path = SubscriptionView.swift; sourceTree = "<group>"; };
		C72D6E17287D46B80090D794 /* Extensions.swift */ = {isa = PBXFileReference; lastKnownFileType = sourcecode.swift; path = Extensions.swift; sourceTree = "<group>"; };
		C72D6E19287D46CF0090D794 /* ImagePicker.swift */ = {isa = PBXFileReference; lastKnownFileType = sourcecode.swift; path = ImagePicker.swift; sourceTree = "<group>"; };
		C72D6E1B287D46DF0090D794 /* ImageSaver.swift */ = {isa = PBXFileReference; lastKnownFileType = sourcecode.swift; path = ImageSaver.swift; sourceTree = "<group>"; };
		C72D6E1D287D46EF0090D794 /* Toucan.swift */ = {isa = PBXFileReference; lastKnownFileType = sourcecode.swift; path = Toucan.swift; sourceTree = "<group>"; };
		C72D6E1F287D472E0090D794 /* Info.plist */ = {isa = PBXFileReference; lastKnownFileType = text.plist; path = Info.plist; sourceTree = "<group>"; };
		C7A57AD72886D59600C141AD /* Blend1024.mlmodel */ = {isa = PBXFileReference; lastKnownFileType = file.mlmodel; path = Blend1024.mlmodel; sourceTree = "<group>"; };
		C7A57AD82886D59600C141AD /* Blend2048.mlmodel */ = {isa = PBXFileReference; lastKnownFileType = file.mlmodel; path = Blend2048.mlmodel; sourceTree = "<group>"; };
		C7A57ADB2886D9BF00C141AD /* Blend512.mlmodel */ = {isa = PBXFileReference; lastKnownFileType = file.mlmodel; path = Blend512.mlmodel; sourceTree = "<group>"; };
		C7A8A77C2884461500206CF8 /* RealESRGAN_8Bit.mlmodel */ = {isa = PBXFileReference; lastKnownFileType = file.mlmodel; path = RealESRGAN_8Bit.mlmodel; sourceTree = "<group>"; };
		C7BBAD7A288567F9006DEEB0 /* FeedbackRequestView.swift */ = {isa = PBXFileReference; lastKnownFileType = sourcecode.swift; path = FeedbackRequestView.swift; sourceTree = "<group>"; };
		C7DEDF44288504A300F77CB5 /* EnhancementProgressView.swift */ = {isa = PBXFileReference; lastKnownFileType = sourcecode.swift; path = EnhancementProgressView.swift; sourceTree = "<group>"; };
/* End PBXFileReference section */

/* Begin PBXFrameworksBuildPhase section */
		C72D6DFD287D46210090D794 /* Frameworks */ = {
			isa = PBXFrameworksBuildPhase;
			buildActionMask = 2147483647;
			files = (
				C78A72222885220100E95B64 /* Sliders in Frameworks */,
				C7E822692884564600F85D10 /* PermissionsSwiftUIPhoto in Frameworks */,
				C72D6E13287D466E0090D794 /* SwiftUIX in Frameworks */,
			);
			runOnlyForDeploymentPostprocessing = 0;
		};
/* End PBXFrameworksBuildPhase section */

/* Begin PBXGroup section */
		C72D6DF7287D46210090D794 = {
			isa = PBXGroup;
			children = (
				C72D6E02287D46210090D794 /* FotoEnhance */,
				C72D6E01287D46210090D794 /* Products */,
			);
			sourceTree = "<group>";
		};
		C72D6E01287D46210090D794 /* Products */ = {
			isa = PBXGroup;
			children = (
				C72D6E00287D46210090D794 /* FotoEnhance.app */,
			);
			name = Products;
			sourceTree = "<group>";
		};
		C72D6E02287D46210090D794 /* FotoEnhance */ = {
			isa = PBXGroup;
			children = (
				C72D6E1F287D472E0090D794 /* Info.plist */,
				C72D6E22287D47A70090D794 /* MLModels */,
				C72D6E16287D46A40090D794 /* ImageHelpers */,
				C72D6E03287D46210090D794 /* FotoEnhanceApp.swift */,
				C72D6E05287D46210090D794 /* ContentView.swift */,
				C7BBAD7A288567F9006DEEB0 /* FeedbackRequestView.swift */,
				C7DEDF44288504A300F77CB5 /* EnhancementProgressView.swift */,
				C72475B0288117FC0023EE0B /* EmailHelper.swift */,
				C72D6E14287D46950090D794 /* SubscriptionView.swift */,
				C72D6E07287D46260090D794 /* Assets.xcassets */,
				C72D6E09287D46260090D794 /* Preview Content */,
			);
			path = FotoEnhance;
			sourceTree = "<group>";
		};
		C72D6E09287D46260090D794 /* Preview Content */ = {
			isa = PBXGroup;
			children = (
				C72D6E0A287D46260090D794 /* Preview Assets.xcassets */,
			);
			path = "Preview Content";
			sourceTree = "<group>";
		};
		C72D6E16287D46A40090D794 /* ImageHelpers */ = {
			isa = PBXGroup;
			children = (
				C72D6E17287D46B80090D794 /* Extensions.swift */,
				C72D6E19287D46CF0090D794 /* ImagePicker.swift */,
				C72D6E1B287D46DF0090D794 /* ImageSaver.swift */,
				C72D6E1D287D46EF0090D794 /* Toucan.swift */,
			);
			path = ImageHelpers;
			sourceTree = "<group>";
		};
		C72D6E22287D47A70090D794 /* MLModels */ = {
			isa = PBXGroup;
			children = (
				C7A57ADB2886D9BF00C141AD /* Blend512.mlmodel */,
				C7A57AD72886D59600C141AD /* Blend1024.mlmodel */,
				C7A57AD82886D59600C141AD /* Blend2048.mlmodel */,
				C7A8A77C2884461500206CF8 /* RealESRGAN_8Bit.mlmodel */,
			);
			path = MLModels;
			sourceTree = "<group>";
		};
/* End PBXGroup section */

/* Begin PBXNativeTarget section */
		C72D6DFF287D46210090D794 /* FotoEnhance */ = {
			isa = PBXNativeTarget;
			buildConfigurationList = C72D6E0E287D46260090D794 /* Build configuration list for PBXNativeTarget "FotoEnhance" */;
			buildPhases = (
				C72D6DFC287D46210090D794 /* Sources */,
				C72D6DFD287D46210090D794 /* Frameworks */,
				C72D6DFE287D46210090D794 /* Resources */,
			);
			buildRules = (
			);
			dependencies = (
			);
			name = FotoEnhance;
			packageProductDependencies = (
				C72D6E12287D466D0090D794 /* SwiftUIX */,
				C7E822682884564600F85D10 /* PermissionsSwiftUIPhoto */,
				C78A72212885220100E95B64 /* Sliders */,
			);
			productName = FotoEnhance;
			productReference = C72D6E00287D46210090D794 /* FotoEnhance.app */;
			productType = "com.apple.product-type.application";
		};
/* End PBXNativeTarget section */

/* Begin PBXProject section */
		C72D6DF8287D46210090D794 /* Project object */ = {
			isa = PBXProject;
			attributes = {
				BuildIndependentTargetsInParallel = 1;
				LastSwiftUpdateCheck = 1330;
				LastUpgradeCheck = 1330;
				TargetAttributes = {
					C72D6DFF287D46210090D794 = {
						CreatedOnToolsVersion = 13.3.1;
					};
				};
			};
			buildConfigurationList = C72D6DFB287D46210090D794 /* Build configuration list for PBXProject "FotoEnhance" */;
			compatibilityVersion = "Xcode 13.0";
			developmentRegion = en;
			hasScannedForEncodings = 0;
			knownRegions = (
				en,
				Base,
			);
			mainGroup = C72D6DF7287D46210090D794;
			packageReferences = (
				C72D6E11287D466D0090D794 /* XCRemoteSwiftPackageReference "SwiftUIX" */,
				C7E822672884564600F85D10 /* XCRemoteSwiftPackageReference "PermissionsSwiftUI" */,
				C78A72202885220100E95B64 /* XCRemoteSwiftPackageReference "swiftui-sliders" */,
			);
			productRefGroup = C72D6E01287D46210090D794 /* Products */;
			projectDirPath = "";
			projectRoot = "";
			targets = (
				C72D6DFF287D46210090D794 /* FotoEnhance */,
			);
		};
/* End PBXProject section */

/* Begin PBXResourcesBuildPhase section */
		C72D6DFE287D46210090D794 /* Resources */ = {
			isa = PBXResourcesBuildPhase;
			buildActionMask = 2147483647;
			files = (
				C72D6E0B287D46260090D794 /* Preview Assets.xcassets in Resources */,
				C72D6E08287D46260090D794 /* Assets.xcassets in Resources */,
			);
			runOnlyForDeploymentPostprocessing = 0;
		};
/* End PBXResourcesBuildPhase section */

/* Begin PBXSourcesBuildPhase section */
		C72D6DFC287D46210090D794 /* Sources */ = {
			isa = PBXSourcesBuildPhase;
			buildActionMask = 2147483647;
			files = (
				C72D6E06287D46210090D794 /* ContentView.swift in Sources */,
				C7A57AD92886D59600C141AD /* Blend1024.mlmodel in Sources */,
				C7DEDF45288504A300F77CB5 /* EnhancementProgressView.swift in Sources */,
				C72D6E1C287D46DF0090D794 /* ImageSaver.swift in Sources */,
				C7A57ADA2886D59600C141AD /* Blend2048.mlmodel in Sources */,
				C72D6E1E287D46EF0090D794 /* Toucan.swift in Sources */,
				C72D6E04287D46210090D794 /* FotoEnhanceApp.swift in Sources */,
				C7A57ADC2886D9BF00C141AD /* Blend512.mlmodel in Sources */,
				C7BBAD7B288567F9006DEEB0 /* FeedbackRequestView.swift in Sources */,
				C7A8A77D2884461500206CF8 /* RealESRGAN_8Bit.mlmodel in Sources */,
				C72475B1288117FC0023EE0B /* EmailHelper.swift in Sources */,
				C72D6E1A287D46CF0090D794 /* ImagePicker.swift in Sources */,
				C72D6E15287D46950090D794 /* SubscriptionView.swift in Sources */,
				C72D6E18287D46B80090D794 /* Extensions.swift in Sources */,
			);
			runOnlyForDeploymentPostprocessing = 0;
		};
/* End PBXSourcesBuildPhase section */

/* Begin XCBuildConfiguration section */
		C72D6E0C287D46260090D794 /* Debug */ = {
			isa = XCBuildConfiguration;
			buildSettings = {
				ALWAYS_SEARCH_USER_PATHS = NO;
				CLANG_ANALYZER_NONNULL = YES;
				CLANG_ANALYZER_NUMBER_OBJECT_CONVERSION = YES_AGGRESSIVE;
				CLANG_CXX_LANGUAGE_STANDARD = "gnu++17";
				CLANG_ENABLE_MODULES = YES;
				CLANG_ENABLE_OBJC_ARC = YES;
				CLANG_ENABLE_OBJC_WEAK = YES;
				CLANG_WARN_BLOCK_CAPTURE_AUTORELEASING = YES;
				CLANG_WARN_BOOL_CONVERSION = YES;
				CLANG_WARN_COMMA = YES;
				CLANG_WARN_CONSTANT_CONVERSION = YES;
				CLANG_WARN_DEPRECATED_OBJC_IMPLEMENTATIONS = YES;
				CLANG_WARN_DIRECT_OBJC_ISA_USAGE = YES_ERROR;
				CLANG_WARN_DOCUMENTATION_COMMENTS = YES;
				CLANG_WARN_EMPTY_BODY = YES;
				CLANG_WARN_ENUM_CONVERSION = YES;
				CLANG_WARN_INFINITE_RECURSION = YES;
				CLANG_WARN_INT_CONVERSION = YES;
				CLANG_WARN_NON_LITERAL_NULL_CONVERSION = YES;
				CLANG_WARN_OBJC_IMPLICIT_RETAIN_SELF = YES;
				CLANG_WARN_OBJC_LITERAL_CONVERSION = YES;
				CLANG_WARN_OBJC_ROOT_CLASS = YES_ERROR;
				CLANG_WARN_QUOTED_INCLUDE_IN_FRAMEWORK_HEADER = YES;
				CLANG_WARN_RANGE_LOOP_ANALYSIS = YES;
				CLANG_WARN_STRICT_PROTOTYPES = YES;
				CLANG_WARN_SUSPICIOUS_MOVE = YES;
				CLANG_WARN_UNGUARDED_AVAILABILITY = YES_AGGRESSIVE;
				CLANG_WARN_UNREACHABLE_CODE = YES;
				CLANG_WARN__DUPLICATE_METHOD_MATCH = YES;
				COPY_PHASE_STRIP = NO;
				DEBUG_INFORMATION_FORMAT = dwarf;
				ENABLE_STRICT_OBJC_MSGSEND = YES;
				ENABLE_TESTABILITY = YES;
				GCC_C_LANGUAGE_STANDARD = gnu11;
				GCC_DYNAMIC_NO_PIC = NO;
				GCC_NO_COMMON_BLOCKS = YES;
				GCC_OPTIMIZATION_LEVEL = 0;
				GCC_PREPROCESSOR_DEFINITIONS = (
					"DEBUG=1",
					"$(inherited)",
				);
				GCC_WARN_64_TO_32_BIT_CONVERSION = YES;
				GCC_WARN_ABOUT_RETURN_TYPE = YES_ERROR;
				GCC_WARN_UNDECLARED_SELECTOR = YES;
				GCC_WARN_UNINITIALIZED_AUTOS = YES_AGGRESSIVE;
				GCC_WARN_UNUSED_FUNCTION = YES;
				GCC_WARN_UNUSED_VARIABLE = YES;
				IPHONEOS_DEPLOYMENT_TARGET = 15.0;
				MTL_ENABLE_DEBUG_INFO = INCLUDE_SOURCE;
				MTL_FAST_MATH = YES;
				ONLY_ACTIVE_ARCH = YES;
				SDKROOT = iphoneos;
				SWIFT_ACTIVE_COMPILATION_CONDITIONS = DEBUG;
				SWIFT_OPTIMIZATION_LEVEL = "-Onone";
			};
			name = Debug;
		};
		C72D6E0D287D46260090D794 /* Release */ = {
			isa = XCBuildConfiguration;
			buildSettings = {
				ALWAYS_SEARCH_USER_PATHS = NO;
				CLANG_ANALYZER_NONNULL = YES;
				CLANG_ANALYZER_NUMBER_OBJECT_CONVERSION = YES_AGGRESSIVE;
				CLANG_CXX_LANGUAGE_STANDARD = "gnu++17";
				CLANG_ENABLE_MODULES = YES;
				CLANG_ENABLE_OBJC_ARC = YES;
				CLANG_ENABLE_OBJC_WEAK = YES;
				CLANG_WARN_BLOCK_CAPTURE_AUTORELEASING = YES;
				CLANG_WARN_BOOL_CONVERSION = YES;
				CLANG_WARN_COMMA = YES;
				CLANG_WARN_CONSTANT_CONVERSION = YES;
				CLANG_WARN_DEPRECATED_OBJC_IMPLEMENTATIONS = YES;
				CLANG_WARN_DIRECT_OBJC_ISA_USAGE = YES_ERROR;
				CLANG_WARN_DOCUMENTATION_COMMENTS = YES;
				CLANG_WARN_EMPTY_BODY = YES;
				CLANG_WARN_ENUM_CONVERSION = YES;
				CLANG_WARN_INFINITE_RECURSION = YES;
				CLANG_WARN_INT_CONVERSION = YES;
				CLANG_WARN_NON_LITERAL_NULL_CONVERSION = YES;
				CLANG_WARN_OBJC_IMPLICIT_RETAIN_SELF = YES;
				CLANG_WARN_OBJC_LITERAL_CONVERSION = YES;
				CLANG_WARN_OBJC_ROOT_CLASS = YES_ERROR;
				CLANG_WARN_QUOTED_INCLUDE_IN_FRAMEWORK_HEADER = YES;
				CLANG_WARN_RANGE_LOOP_ANALYSIS = YES;
				CLANG_WARN_STRICT_PROTOTYPES = YES;
				CLANG_WARN_SUSPICIOUS_MOVE = YES;
				CLANG_WARN_UNGUARDED_AVAILABILITY = YES_AGGRESSIVE;
				CLANG_WARN_UNREACHABLE_CODE = YES;
				CLANG_WARN__DUPLICATE_METHOD_MATCH = YES;
				COPY_PHASE_STRIP = NO;
				DEBUG_INFORMATION_FORMAT = "dwarf-with-dsym";
				ENABLE_NS_ASSERTIONS = NO;
				ENABLE_STRICT_OBJC_MSGSEND = YES;
				GCC_C_LANGUAGE_STANDARD = gnu11;
				GCC_NO_COMMON_BLOCKS = YES;
				GCC_WARN_64_TO_32_BIT_CONVERSION = YES;
				GCC_WARN_ABOUT_RETURN_TYPE = YES_ERROR;
				GCC_WARN_UNDECLARED_SELECTOR = YES;
				GCC_WARN_UNINITIALIZED_AUTOS = YES_AGGRESSIVE;
				GCC_WARN_UNUSED_FUNCTION = YES;
				GCC_WARN_UNUSED_VARIABLE = YES;
				IPHONEOS_DEPLOYMENT_TARGET = 15.0;
				MTL_ENABLE_DEBUG_INFO = NO;
				MTL_FAST_MATH = YES;
				SDKROOT = iphoneos;
				SWIFT_COMPILATION_MODE = wholemodule;
				SWIFT_OPTIMIZATION_LEVEL = "-O";
				VALIDATE_PRODUCT = YES;
			};
			name = Release;
		};
		C72D6E0F287D46260090D794 /* Debug */ = {
			isa = XCBuildConfiguration;
			buildSettings = {
				ASSETCATALOG_COMPILER_APPICON_NAME = AppIcon;
				ASSETCATALOG_COMPILER_GLOBAL_ACCENT_COLOR_NAME = AccentColor;
				CODE_SIGN_STYLE = Automatic;
				CURRENT_PROJECT_VERSION = 1;
				DEVELOPMENT_ASSET_PATHS = "\"FotoEnhance/Preview Content\"";
				DEVELOPMENT_TEAM = 4GB6223CPT;
				ENABLE_PREVIEWS = YES;
				GENERATE_INFOPLIST_FILE = YES;
				INFOPLIST_FILE = FotoEnhance/Info.plist;
				INFOPLIST_KEY_NSPhotoLibraryUsageDescription = "Allow FotoEnhance to access photos library.";
				INFOPLIST_KEY_UIApplicationSceneManifest_Generation = YES;
				INFOPLIST_KEY_UIApplicationSupportsIndirectInputEvents = YES;
				INFOPLIST_KEY_UILaunchScreen_Generation = YES;
				INFOPLIST_KEY_UISupportedInterfaceOrientations = UIInterfaceOrientationPortrait;
				INFOPLIST_KEY_UISupportedInterfaceOrientations_iPad = UIInterfaceOrientationPortrait;
				INFOPLIST_KEY_UISupportedInterfaceOrientations_iPhone = UIInterfaceOrientationPortrait;
				IPHONEOS_DEPLOYMENT_TARGET = 15.0;
				LD_RUNPATH_SEARCH_PATHS = (
					"$(inherited)",
					"@executable_path/Frameworks",
				);
				MARKETING_VERSION = 0.4;
				PRODUCT_BUNDLE_IDENTIFIER = com.RahulBhalley.FotoEnhance;
				PRODUCT_NAME = "$(TARGET_NAME)";
				SWIFT_EMIT_LOC_STRINGS = YES;
				SWIFT_VERSION = 5.0;
				TARGETED_DEVICE_FAMILY = 1;
			};
			name = Debug;
		};
		C72D6E10287D46260090D794 /* Release */ = {
			isa = XCBuildConfiguration;
			buildSettings = {
				ASSETCATALOG_COMPILER_APPICON_NAME = AppIcon;
				ASSETCATALOG_COMPILER_GLOBAL_ACCENT_COLOR_NAME = AccentColor;
				CODE_SIGN_STYLE = Automatic;
				CURRENT_PROJECT_VERSION = 1;
				DEVELOPMENT_ASSET_PATHS = "\"FotoEnhance/Preview Content\"";
				DEVELOPMENT_TEAM = 4GB6223CPT;
				ENABLE_PREVIEWS = YES;
				GENERATE_INFOPLIST_FILE = YES;
				INFOPLIST_FILE = FotoEnhance/Info.plist;
				INFOPLIST_KEY_NSPhotoLibraryUsageDescription = "Allow FotoEnhance to access photos library.";
				INFOPLIST_KEY_UIApplicationSceneManifest_Generation = YES;
				INFOPLIST_KEY_UIApplicationSupportsIndirectInputEvents = YES;
				INFOPLIST_KEY_UILaunchScreen_Generation = YES;
				INFOPLIST_KEY_UISupportedInterfaceOrientations = UIInterfaceOrientationPortrait;
				INFOPLIST_KEY_UISupportedInterfaceOrientations_iPad = UIInterfaceOrientationPortrait;
				INFOPLIST_KEY_UISupportedInterfaceOrientations_iPhone = UIInterfaceOrientationPortrait;
				IPHONEOS_DEPLOYMENT_TARGET = 15.0;
				LD_RUNPATH_SEARCH_PATHS = (
					"$(inherited)",
					"@executable_path/Frameworks",
				);
				MARKETING_VERSION = 0.4;
				PRODUCT_BUNDLE_IDENTIFIER = com.RahulBhalley.FotoEnhance;
				PRODUCT_NAME = "$(TARGET_NAME)";
				SWIFT_EMIT_LOC_STRINGS = YES;
				SWIFT_VERSION = 5.0;
				TARGETED_DEVICE_FAMILY = 1;
			};
			name = Release;
		};
/* End XCBuildConfiguration section */

/* Begin XCConfigurationList section */
		C72D6DFB287D46210090D794 /* Build configuration list for PBXProject "FotoEnhance" */ = {
			isa = XCConfigurationList;
			buildConfigurations = (
				C72D6E0C287D46260090D794 /* Debug */,
				C72D6E0D287D46260090D794 /* Release */,
			);
			defaultConfigurationIsVisible = 0;
			defaultConfigurationName = Release;
		};
		C72D6E0E287D46260090D794 /* Build configuration list for PBXNativeTarget "FotoEnhance" */ = {
			isa = XCConfigurationList;
			buildConfigurations = (
				C72D6E0F287D46260090D794 /* Debug */,
				C72D6E10287D46260090D794 /* Release */,
			);
			defaultConfigurationIsVisible = 0;
			defaultConfigurationName = Release;
		};
/* End XCConfigurationList section */

/* Begin XCRemoteSwiftPackageReference section */
		C72D6E11287D466D0090D794 /* XCRemoteSwiftPackageReference "SwiftUIX" */ = {
			isa = XCRemoteSwiftPackageReference;
			repositoryURL = "https://github.com/SwiftUIX/SwiftUIX";
			requirement = {
				branch = master;
				kind = branch;
			};
		};
		C78A72202885220100E95B64 /* XCRemoteSwiftPackageReference "swiftui-sliders" */ = {
			isa = XCRemoteSwiftPackageReference;
			repositoryURL = "https://github.com/spacenation/swiftui-sliders";
			requirement = {
				kind = upToNextMajorVersion;
				minimumVersion = 2.0.0;
			};
		};
		C7E822672884564600F85D10 /* XCRemoteSwiftPackageReference "PermissionsSwiftUI" */ = {
			isa = XCRemoteSwiftPackageReference;
			repositoryURL = "https://github.com/jevonmao/PermissionsSwiftUI";
			requirement = {
				kind = upToNextMajorVersion;
				minimumVersion = 1.0.0;
			};
		};
/* End XCRemoteSwiftPackageReference section */

/* Begin XCSwiftPackageProductDependency section */
		C72D6E12287D466D0090D794 /* SwiftUIX */ = {
			isa = XCSwiftPackageProductDependency;
			package = C72D6E11287D466D0090D794 /* XCRemoteSwiftPackageReference "SwiftUIX" */;
			productName = SwiftUIX;
		};
		C78A72212885220100E95B64 /* Sliders */ = {
			isa = XCSwiftPackageProductDependency;
			package = C78A72202885220100E95B64 /* XCRemoteSwiftPackageReference "swiftui-sliders" */;
			productName = Sliders;
		};
		C7E822682884564600F85D10 /* PermissionsSwiftUIPhoto */ = {
			isa = XCSwiftPackageProductDependency;
			package = C7E822672884564600F85D10 /* XCRemoteSwiftPackageReference "PermissionsSwiftUI" */;
			productName = PermissionsSwiftUIPhoto;
		};
/* End XCSwiftPackageProductDependency section */
	};
	rootObject = C72D6DF8287D46210090D794 /* Project object */;
}
